<?xml version="1.0" encoding="utf-8"?>
<Project ToolsVersion="4.0" xmlns="http://schemas.microsoft.com/developer/msbuild/2003">
  <ItemGroup>
    <Filter Include="src">
      <UniqueIdentifier>{fbb0f1fe-a3d8-46ee-9984-227a58232606}</UniqueIdentifier>
    </Filter>
    <Filter Include="src\Framework">
      <UniqueIdentifier>{e957ab27-644e-4be5-809d-5c931005efbd}</UniqueIdentifier>
    </Filter>
    <Filter Include="src\Scene">
      <UniqueIdentifier>{7418620c-40f8-4f2c-989c-605686b15769}</UniqueIdentifier>
    </Filter>
    <Filter Include="src\Framework\Input">
      <UniqueIdentifier>{875e31d7-85b3-4921-8c10-2717afd39ffe}</UniqueIdentifier>
    </Filter>
    <Filter Include="src\Framework\Context">
      <UniqueIdentifier>{47f5ba0d-26dd-435a-b736-ceef4ab5c920}</UniqueIdentifier>
    </Filter>
    <Filter Include="src\Framework\Json">
      <UniqueIdentifier>{0e588bff-1742-46ae-a13e-2c7b5f87552b}</UniqueIdentifier>
    </Filter>
    <Filter Include="src\Framework\Random">
      <UniqueIdentifier>{3f486829-3ca0-4e37-a2fe-3535e8c06439}</UniqueIdentifier>
    </Filter>
    <Filter Include="src\GameUtils">
      <UniqueIdentifier>{6771f8c1-d4ab-46f0-ac22-963bf280ec9c}</UniqueIdentifier>
    </Filter>
  </ItemGroup>
  <ItemGroup>
    <ClInclude Include="src\pch.h">
      <Filter>src</Filter>
    </ClInclude>
    <ClInclude Include="src\Game.h">
      <Filter>src</Filter>
    </ClInclude>
    <ClInclude Include="src\Framework\Singleton.h">
      <Filter>src\Framework</Filter>
    </ClInclude>
    <ClInclude Include="src\Scene\IScene.h">
      <Filter>src\Scene</Filter>
    </ClInclude>
    <ClInclude Include="src\Framework\Input\InputManager.h">
      <Filter>src\Framework\Input</Filter>
    </ClInclude>
    <ClInclude Include="src\Framework\Context\TypeID.h">
      <Filter>src\Framework\Context</Filter>
    </ClInclude>
    <ClInclude Include="src\Framework\Context\GameContext.h">
      <Filter>src\Framework\Context</Filter>
    </ClInclude>
    <ClInclude Include="src\Framework\Json\JsonImport.h">
      <Filter>src\Framework\Json</Filter>
    </ClInclude>
    <ClInclude Include="src\Framework\Json\Json.h">
      <Filter>src\Framework\Json</Filter>
    </ClInclude>
    <ClInclude Include="src\Framework\Random\Random.h">
      <Filter>src\Framework\Random</Filter>
    </ClInclude>
    <ClInclude Include="src\GameUtils\GameUtils.h">
      <Filter>src\GameUtils</Filter>
    </ClInclude>
    <ClInclude Include="src\GameUtils\GameObject.h">
      <Filter>src\GameUtils</Filter>
    </ClInclude>
    <ClInclude Include="src\Framework\Vector2.h">
      <Filter>src\Framework</Filter>
    </ClInclude>
  </ItemGroup>
  <ItemGroup>
    <ClCompile Include="src\WinMain.cpp">
      <Filter>src</Filter>
    </ClCompile>
    <ClCompile Include="src\pch.cpp">
      <Filter>src</Filter>
    </ClCompile>
    <ClCompile Include="src\Game.cpp">
      <Filter>src</Filter>
    </ClCompile>
    <ClCompile Include="src\Framework\Input\InputManager.cpp">
      <Filter>src\Framework\Input</Filter>
    </ClCompile>
    <ClCompile Include="src\Framework\Json\Json.cpp">
      <Filter>src\Framework\Json</Filter>
    </ClCompile>
    <ClCompile Include="src\Framework\Random\Random.cpp">
      <Filter>src\Framework\Random</Filter>
    </ClCompile>
    <ClCompile Include="src\Framework\Vector2.cpp">
      <Filter>src\Framework</Filter>
    </ClCompile>
  </ItemGroup>
  <ItemGroup>
    <Text Include="LICENSE.txt" />
  </ItemGroup>
  <ItemGroup>
    <None Include="README.md" />
  </ItemGroup>
</Project>